github.com/PacktPublishing/Go-Programming-Cookbook-Second-Edition v0.0.0-20190722045815-cd70ac9a9eda h1:ISXZw1C7iOUUf0iZmcAmV5ACxeGbDqVqFhPl/qu10zQ=
github.com/PacktPublishing/Go-Programming-Cookbook-Second-Edition/chapter1/bytestrings v0.0.0-20190722045815-cd70ac9a9eda h1:aV6NK2XvGGN6g7EtOz2WoGpcSMc/rqFd3mjf6ilh6MA=
github.com/PacktPublishing/Go-Programming-Cookbook-Second-Edition/chapter1/bytestrings v0.0.0-20190722045815-cd70ac9a9eda/go.mod h1:TK7tiUo11RnnRD2p3dSYV5eLsC60jZOT4T0kSgJJIGA=
